
Microsoft Visual Studio Solution File, Format Version 11.00
# Visual Studio 2010
Project("{8BC9CEB8-8B4A-11D0-8D11-00A0C91BC942}") = "jsyringeapi", "jsyringeapi.vcxproj", "{BEBBCA69-BC7F-4EF4-B98F-9129C7D578F8}"
	ProjectSection(ProjectDependencies) = postProject
		{3EAB100F-D679-4536-AD59-382EDE1E927C} = {3EAB100F-D679-4536-AD59-382EDE1E927C}
		{7D7BC238-36D1-4737-A0B7-521E745BD2C7} = {7D7BC238-36D1-4737-A0B7-521E745BD2C7}
		{ADF7F15D-AE8B-4B6A-82AF-988A8D7063DD} = {ADF7F15D-AE8B-4B6A-82AF-988A8D7063DD}
		{EAE14B87-6CE5-4147-932F-AAF5426AB859} = {EAE14B87-6CE5-4147-932F-AAF5426AB859}
		{82F65A9E-40B4-4585-9FDF-B8790302D9AC} = {82F65A9E-40B4-4585-9FDF-B8790302D9AC}
		{9EB612AA-610D-4491-87C2-64E3286BA492} = {9EB612AA-610D-4491-87C2-64E3286BA492}
	EndProjectSection
EndProject
Project("{8BC9CEB8-8B4A-11D0-8D11-00A0C91BC942}") = "fuzzy_patcher", "..\fuzzy_patcher\fuzzy_patcher.vcxproj", "{9EB612AA-610D-4491-87C2-64E3286BA492}"
EndProject
Project("{8BC9CEB8-8B4A-11D0-8D11-00A0C91BC942}") = "syringe", "..\syringe\_ide\msvc\syringe.vcxproj", "{EAE14B87-6CE5-4147-932F-AAF5426AB859}"
EndProject
Project("{2150E333-8FDC-42A3-9474-1A3956D46DE8}") = "_3rd", "_3rd", "{2DDA0B5A-5E85-4E0F-A2A4-8002E69D0C3F}"
EndProject
Project("{8BC9CEB8-8B4A-11D0-8D11-00A0C91BC942}") = "curl", "..\_3rd\curl\curl.vcxproj", "{82F65A9E-40B4-4585-9FDF-B8790302D9AC}"
EndProject
Project("{8BC9CEB8-8B4A-11D0-8D11-00A0C91BC942}") = "zlib", "..\_3rd\zlib\zlib.vcxproj", "{3EAB100F-D679-4536-AD59-382EDE1E927C}"
EndProject
Project("{8BC9CEB8-8B4A-11D0-8D11-00A0C91BC942}") = "dmglib", "..\xpwn\dmglib.vcxproj", "{ADF7F15D-AE8B-4B6A-82AF-988A8D7063DD}"
EndProject
Project("{8BC9CEB8-8B4A-11D0-8D11-00A0C91BC942}") = "test", "..\test\test.vcxproj", "{F13D0838-D9A8-4462-9FEF-C39884104FB8}"
	ProjectSection(ProjectDependencies) = postProject
		{BEBBCA69-BC7F-4EF4-B98F-9129C7D578F8} = {BEBBCA69-BC7F-4EF4-B98F-9129C7D578F8}
	EndProjectSection
EndProject
Project("{8BC9CEB8-8B4A-11D0-8D11-00A0C91BC942}") = "mux_redux", "..\mux_redux\mux_redux.vcxproj", "{7D7BC238-36D1-4737-A0B7-521E745BD2C7}"
EndProject
Global
	GlobalSection(SolutionConfigurationPlatforms) = preSolution
		Debug|Win32 = Debug|Win32
		Debug|x64 = Debug|x64
		Release|Win32 = Release|Win32
		Release|x64 = Release|x64
	EndGlobalSection
	GlobalSection(ProjectConfigurationPlatforms) = postSolution
		{BEBBCA69-BC7F-4EF4-B98F-9129C7D578F8}.Debug|Win32.ActiveCfg = Debug|Win32
		{BEBBCA69-BC7F-4EF4-B98F-9129C7D578F8}.Debug|Win32.Build.0 = Debug|Win32
		{BEBBCA69-BC7F-4EF4-B98F-9129C7D578F8}.Debug|x64.ActiveCfg = Debug|x64
		{BEBBCA69-BC7F-4EF4-B98F-9129C7D578F8}.Debug|x64.Build.0 = Debug|x64
		{BEBBCA69-BC7F-4EF4-B98F-9129C7D578F8}.Release|Win32.ActiveCfg = Release|Win32
		{BEBBCA69-BC7F-4EF4-B98F-9129C7D578F8}.Release|Win32.Build.0 = Release|Win32
		{BEBBCA69-BC7F-4EF4-B98F-9129C7D578F8}.Release|x64.ActiveCfg = Release|x64
		{BEBBCA69-BC7F-4EF4-B98F-9129C7D578F8}.Release|x64.Build.0 = Release|x64
		{9EB612AA-610D-4491-87C2-64E3286BA492}.Debug|Win32.ActiveCfg = Debug|Win32
		{9EB612AA-610D-4491-87C2-64E3286BA492}.Debug|Win32.Build.0 = Debug|Win32
		{9EB612AA-610D-4491-87C2-64E3286BA492}.Debug|x64.ActiveCfg = Debug|x64
		{9EB612AA-610D-4491-87C2-64E3286BA492}.Debug|x64.Build.0 = Debug|x64
		{9EB612AA-610D-4491-87C2-64E3286BA492}.Release|Win32.ActiveCfg = Release|Win32
		{9EB612AA-610D-4491-87C2-64E3286BA492}.Release|Win32.Build.0 = Release|Win32
		{9EB612AA-610D-4491-87C2-64E3286BA492}.Release|x64.ActiveCfg = Release|x64
		{9EB612AA-610D-4491-87C2-64E3286BA492}.Release|x64.Build.0 = Release|x64
		{EAE14B87-6CE5-4147-932F-AAF5426AB859}.Debug|Win32.ActiveCfg = Debug|Win32
		{EAE14B87-6CE5-4147-932F-AAF5426AB859}.Debug|Win32.Build.0 = Debug|Win32
		{EAE14B87-6CE5-4147-932F-AAF5426AB859}.Debug|x64.ActiveCfg = Debug|x64
		{EAE14B87-6CE5-4147-932F-AAF5426AB859}.Debug|x64.Build.0 = Debug|x64
		{EAE14B87-6CE5-4147-932F-AAF5426AB859}.Release|Win32.ActiveCfg = Release|Win32
		{EAE14B87-6CE5-4147-932F-AAF5426AB859}.Release|Win32.Build.0 = Release|Win32
		{EAE14B87-6CE5-4147-932F-AAF5426AB859}.Release|x64.ActiveCfg = Release|x64
		{EAE14B87-6CE5-4147-932F-AAF5426AB859}.Release|x64.Build.0 = Release|x64
		{82F65A9E-40B4-4585-9FDF-B8790302D9AC}.Debug|Win32.ActiveCfg = Debug|Win32
		{82F65A9E-40B4-4585-9FDF-B8790302D9AC}.Debug|Win32.Build.0 = Debug|Win32
		{82F65A9E-40B4-4585-9FDF-B8790302D9AC}.Debug|x64.ActiveCfg = Debug|x64
		{82F65A9E-40B4-4585-9FDF-B8790302D9AC}.Debug|x64.Build.0 = Debug|x64
		{82F65A9E-40B4-4585-9FDF-B8790302D9AC}.Release|Win32.ActiveCfg = Release|Win32
		{82F65A9E-40B4-4585-9FDF-B8790302D9AC}.Release|Win32.Build.0 = Release|Win32
		{82F65A9E-40B4-4585-9FDF-B8790302D9AC}.Release|x64.ActiveCfg = Release|x64
		{82F65A9E-40B4-4585-9FDF-B8790302D9AC}.Release|x64.Build.0 = Release|x64
		{3EAB100F-D679-4536-AD59-382EDE1E927C}.Debug|Win32.ActiveCfg = Debug|Win32
		{3EAB100F-D679-4536-AD59-382EDE1E927C}.Debug|Win32.Build.0 = Debug|Win32
		{3EAB100F-D679-4536-AD59-382EDE1E927C}.Debug|x64.ActiveCfg = Debug|x64
		{3EAB100F-D679-4536-AD59-382EDE1E927C}.Debug|x64.Build.0 = Debug|x64
		{3EAB100F-D679-4536-AD59-382EDE1E927C}.Release|Win32.ActiveCfg = Release|Win32
		{3EAB100F-D679-4536-AD59-382EDE1E927C}.Release|Win32.Build.0 = Release|Win32
		{3EAB100F-D679-4536-AD59-382EDE1E927C}.Release|x64.ActiveCfg = Release|x64
		{3EAB100F-D679-4536-AD59-382EDE1E927C}.Release|x64.Build.0 = Release|x64
		{ADF7F15D-AE8B-4B6A-82AF-988A8D7063DD}.Debug|Win32.ActiveCfg = Debug|Win32
		{ADF7F15D-AE8B-4B6A-82AF-988A8D7063DD}.Debug|Win32.Build.0 = Debug|Win32
		{ADF7F15D-AE8B-4B6A-82AF-988A8D7063DD}.Debug|x64.ActiveCfg = Debug|x64
		{ADF7F15D-AE8B-4B6A-82AF-988A8D7063DD}.Debug|x64.Build.0 = Debug|x64
		{ADF7F15D-AE8B-4B6A-82AF-988A8D7063DD}.Release|Win32.ActiveCfg = Release|Win32
		{ADF7F15D-AE8B-4B6A-82AF-988A8D7063DD}.Release|Win32.Build.0 = Release|Win32
		{ADF7F15D-AE8B-4B6A-82AF-988A8D7063DD}.Release|x64.ActiveCfg = Release|x64
		{ADF7F15D-AE8B-4B6A-82AF-988A8D7063DD}.Release|x64.Build.0 = Release|x64
		{F13D0838-D9A8-4462-9FEF-C39884104FB8}.Debug|Win32.ActiveCfg = Debug|Win32
		{F13D0838-D9A8-4462-9FEF-C39884104FB8}.Debug|Win32.Build.0 = Debug|Win32
		{F13D0838-D9A8-4462-9FEF-C39884104FB8}.Debug|x64.ActiveCfg = Debug|x64
		{F13D0838-D9A8-4462-9FEF-C39884104FB8}.Debug|x64.Build.0 = Debug|x64
		{F13D0838-D9A8-4462-9FEF-C39884104FB8}.Release|Win32.ActiveCfg = Release|Win32
		{F13D0838-D9A8-4462-9FEF-C39884104FB8}.Release|Win32.Build.0 = Release|Win32
		{F13D0838-D9A8-4462-9FEF-C39884104FB8}.Release|x64.ActiveCfg = Release|x64
		{F13D0838-D9A8-4462-9FEF-C39884104FB8}.Release|x64.Build.0 = Release|x64
		{7D7BC238-36D1-4737-A0B7-521E745BD2C7}.Debug|Win32.ActiveCfg = Debug|Win32
		{7D7BC238-36D1-4737-A0B7-521E745BD2C7}.Debug|Win32.Build.0 = Debug|Win32
		{7D7BC238-36D1-4737-A0B7-521E745BD2C7}.Debug|x64.ActiveCfg = Debug|x64
		{7D7BC238-36D1-4737-A0B7-521E745BD2C7}.Debug|x64.Build.0 = Debug|x64
		{7D7BC238-36D1-4737-A0B7-521E745BD2C7}.Release|Win32.ActiveCfg = Release|Win32
		{7D7BC238-36D1-4737-A0B7-521E745BD2C7}.Release|Win32.Build.0 = Release|Win32
		{7D7BC238-36D1-4737-A0B7-521E745BD2C7}.Release|x64.ActiveCfg = Release|x64
		{7D7BC238-36D1-4737-A0B7-521E745BD2C7}.Release|x64.Build.0 = Release|x64
	EndGlobalSection
	GlobalSection(SolutionProperties) = preSolution
		HideSolutionNode = FALSE
	EndGlobalSection
	GlobalSection(NestedProjects) = preSolution
		{82F65A9E-40B4-4585-9FDF-B8790302D9AC} = {2DDA0B5A-5E85-4E0F-A2A4-8002E69D0C3F}
		{3EAB100F-D679-4536-AD59-382EDE1E927C} = {2DDA0B5A-5E85-4E0F-A2A4-8002E69D0C3F}
	EndGlobalSection
EndGlobal
